
Microsoft Visual Studio Solution File, Format Version 12.00
# Visual Studio Version 17
VisualStudioVersion = 17.7.34024.191
MinimumVisualStudioVersion = 10.0.40219.1
Project("{9A19103F-16F7-4668-BE54-9A1E7A4F7556}") = "JustinaDogGroomingAp[p", "JustinaDogGroomingAp[p\JustinaDogGroomingAp[p.csproj", "{277BEE36-81B6-422F-AF56-D46587BBC54C}"
EndProject
Project("{9A19103F-16F7-4668-BE54-9A1E7A4F7556}") = "JustinaSystem", "JustinaSystem\JustinaSystem.csproj", "{97ED2CB1-F10E-4ADA-B051-347BC76616BF}"
EndProject
Global
	GlobalSection(SolutionConfigurationPlatforms) = preSolution
		Debug|Any CPU = Debug|Any CPU
		Release|Any CPU = Release|Any CPU
	EndGlobalSection
	GlobalSection(ProjectConfigurationPlatforms) = postSolution
		{277BEE36-81B6-422F-AF56-D46587BBC54C}.Debug|Any CPU.ActiveCfg = Debug|Any CPU
		{277BEE36-81B6-422F-AF56-D46587BBC54C}.Debug|Any CPU.Build.0 = Debug|Any CPU
		{277BEE36-81B6-422F-AF56-D46587BBC54C}.Release|Any CPU.ActiveCfg = Release|Any CPU
		{277BEE36-81B6-422F-AF56-D46587BBC54C}.Release|Any CPU.Build.0 = Release|Any CPU
		{97ED2CB1-F10E-4ADA-B051-347BC76616BF}.Debug|Any CPU.ActiveCfg = Debug|Any CPU
		{97ED2CB1-F10E-4ADA-B051-347BC76616BF}.Debug|Any CPU.Build.0 = Debug|Any CPU
		{97ED2CB1-F10E-4ADA-B051-347BC76616BF}.Release|Any CPU.ActiveCfg = Release|Any CPU
		{97ED2CB1-F10E-4ADA-B051-347BC76616BF}.Release|Any CPU.Build.0 = Release|Any CPU
	EndGlobalSection
	GlobalSection(SolutionProperties) = preSolution
		HideSolutionNode = FALSE
	EndGlobalSection
	GlobalSection(ExtensibilityGlobals) = postSolution
		SolutionGuid = {B8889CDE-D855-47C3-ACD4-499BCB9E83DA}
	EndGlobalSection
EndGlobal
